
Microsoft Visual Studio Solution File, Format Version 12.00
# Visual Studio Version 17
VisualStudioVersion = 17.11.35327.3
MinimumVisualStudioVersion = 10.0.40219.1
Project("{9A19103F-16F7-4668-BE54-9A1E7A4F7556}") = "01. Factorial", "01. Factorial\01. Factorial.csproj", "{FBED9E93-AD90-4994-B958-1A1D35BF2CFD}"
EndProject
Project("{9A19103F-16F7-4668-BE54-9A1E7A4F7556}") = "02. ReverseAnArray", "02. ReverseAnArray\02. ReverseAnArray.csproj", "{232153B5-9B97-4502-805D-D5EE1FE20B8D}"
EndProject
Project("{9A19103F-16F7-4668-BE54-9A1E7A4F7556}") = "03. CheckForPalindrome", "03. CheckForPalindrome\03. CheckForPalindrome.csproj", "{4D48CC64-7270-40BB-A6A0-1349E7329DC1}"
EndProject
Project("{9A19103F-16F7-4668-BE54-9A1E7A4F7556}") = "04. FibonacciSequence", "04. FibonacciSequence\04. FibonacciSequence.csproj", "{1F2D03AA-6F48-4E20-9BC4-8A655DCE6BF0}"
EndProject
Project("{9A19103F-16F7-4668-BE54-9A1E7A4F7556}") = "05. GetFibonacciNumber", "05. GetFibonacciNumber\05. GetFibonacciNumber.csproj", "{30E317FF-A551-46E0-92E9-5217F1D28D23}"
EndProject
Project("{9A19103F-16F7-4668-BE54-9A1E7A4F7556}") = "06. SumOfTwo", "06. SumOfTwo\06. SumOfTwo.csproj", "{8362DF60-9B8D-4891-ACF3-F6C7E1ED2CF1}"
EndProject
Project("{9A19103F-16F7-4668-BE54-9A1E7A4F7556}") = "07. MegeTwoSortedArrays", "07. MegeTwoSortedArrays\07. MegeTwoSortedArrays.csproj", "{70DE8198-5778-4AFA-920F-D9FBEC4EA86D}"
EndProject
Project("{9A19103F-16F7-4668-BE54-9A1E7A4F7556}") = "08. FindMaxAndMin", "08. FindMaxAndMin\08. FindMaxAndMin.csproj", "{2CFBC067-F6E8-406F-A780-DCD8E6DBC04C}"
EndProject
Project("{9A19103F-16F7-4668-BE54-9A1E7A4F7556}") = "09. PrimeNumber", "09. PrimeNumber\09. PrimeNumber.csproj", "{CB60F32A-91DD-4368-BF30-8A4D07F68115}"
EndProject
Project("{9A19103F-16F7-4668-BE54-9A1E7A4F7556}") = "10. BinarySearch", "10. BinarySearch\10. BinarySearch.csproj", "{23E9AFBD-72B4-41A5-B3BA-E75008D3119A}"
EndProject
Project("{9A19103F-16F7-4668-BE54-9A1E7A4F7556}") = "11. BubbleSort", "11. BubbleSort\11. BubbleSort.csproj", "{99C133F4-2BC2-4BA4-9B95-48F6AB288834}"
EndProject
Project("{9A19103F-16F7-4668-BE54-9A1E7A4F7556}") = "12. SelectionSort", "12. SelectionSort\12. SelectionSort.csproj", "{E4EC4A3E-3001-4305-91F8-311FB59A7697}"
EndProject
Project("{9A19103F-16F7-4668-BE54-9A1E7A4F7556}") = "13. MergeSort", "13. MergeSort\13. MergeSort.csproj", "{AA175516-4A7F-48D1-9898-FF89BBEC5630}"
EndProject
Project("{9A19103F-16F7-4668-BE54-9A1E7A4F7556}") = "14. QuickSort", "14. QuickSort\14. QuickSort.csproj", "{FB969EE1-6D57-4D1A-BB77-515DDD2AB9AE}"
EndProject
Project("{9A19103F-16F7-4668-BE54-9A1E7A4F7556}") = "15. FirstNonRepeatingChar", "15. FirstNonRepeatingChar\15. FirstNonRepeatingChar.csproj", "{90DFB7C0-2A51-4E18-AE09-C961F7B3DF00}"
EndProject
Project("{9A19103F-16F7-4668-BE54-9A1E7A4F7556}") = "16. DuplicatesInArray", "16. DuplicatesInArray\16. DuplicatesInArray.csproj", "{8391EC6B-E46B-4C66-8317-A06305AA983A}"
EndProject
Project("{9A19103F-16F7-4668-BE54-9A1E7A4F7556}") = "17. AnagramCheck", "17. AnagramCheck\17. AnagramCheck.csproj", "{9B08A41A-434E-4630-9216-860A026A7170}"
EndProject
Project("{FAE04EC0-301F-11D3-BF4B-00C04F79EFBC}") = "18. RotateAnArray", "18. RotateAnArray\18. RotateAnArray.csproj", "{4ED939FA-2F32-4E20-A31F-998D2B740A7A}"
EndProject
Project("{FAE04EC0-301F-11D3-BF4B-00C04F79EFBC}") = "19. FindMissingNumberInArray", "19. FindMissingNumberInArray\19. FindMissingNumberInArray.csproj", "{5EA3A769-D6B7-4F6E-8DD5-E4BD9EC0F27C}"
EndProject
Project("{FAE04EC0-301F-11D3-BF4B-00C04F79EFBC}") = "20. BalancedParentheses", "20. BalancedParentheses\20. BalancedParentheses.csproj", "{102513A2-BF3D-4514-B870-2EBD534D79EC}"
EndProject
Project("{FAE04EC0-301F-11D3-BF4B-00C04F79EFBC}") = "21. LongestCommonPrefix", "21. LongestCommonPrefix\21. LongestCommonPrefix.csproj", "{744FF99E-30F2-4C9E-AFE5-3B5B0983C67D}"
EndProject
Project("{FAE04EC0-301F-11D3-BF4B-00C04F79EFBC}") = "22. MostFrequentEllementInArray", "22. MostFrequentEllementInArray\22. MostFrequentEllementInArray.csproj", "{0D9A4AED-EE81-448D-8EA1-0393FCCA971D}"
EndProject
Project("{FAE04EC0-301F-11D3-BF4B-00C04F79EFBC}") = "23. CountVowels", "23. CountVowels\23. CountVowels.csproj", "{B272EF1D-E4DA-4181-85F0-922BCFEF3B44}"
EndProject
Project("{FAE04EC0-301F-11D3-BF4B-00C04F79EFBC}") = "24. SecondLargestNumber", "24. SecondLargestNumber\24. SecondLargestNumber.csproj", "{005A7D1F-7CA1-4C87-AD3D-E3A427122480}"
EndProject
Project("{FAE04EC0-301F-11D3-BF4B-00C04F79EFBC}") = "25. RemoveDuplicatesFromArray", "25. RemoveDuplicatesFromArray\25. RemoveDuplicatesFromArray.csproj", "{8C992C3B-3CF8-4052-ACAC-70CDD807F277}"
EndProject
Project("{FAE04EC0-301F-11D3-BF4B-00C04F79EFBC}") = "26. SumOfDigitsInNumber", "26. SumOfDigitsInNumber\26. SumOfDigitsInNumber.csproj", "{1DB7348A-6B3C-4050-BE53-686485F8DB9C}"
EndProject
Project("{FAE04EC0-301F-11D3-BF4B-00C04F79EFBC}") = "27. IntersectionOfTwoArrays", "27. IntersectionOfTwoArrays\27. IntersectionOfTwoArrays.csproj", "{3D9302C6-FAC3-4E3B-BFAC-BC99D8BC68B6}"
EndProject
Project("{FAE04EC0-301F-11D3-BF4B-00C04F79EFBC}") = "28. LongestWordInSentence", "28. LongestWordInSentence\28. LongestWordInSentence.csproj", "{F01BBBE5-CC85-4EDA-BFC5-E29B9A46F414}"
EndProject
Project("{FAE04EC0-301F-11D3-BF4B-00C04F79EFBC}") = "29. CheckNumbersAsPowerOfTwo", "29. CheckNumbersAsPowerOfTwo\29. CheckNumbersAsPowerOfTwo.csproj", "{1D94D20B-D51E-4179-9515-31E7AF31F208}"
EndProject
Global
	GlobalSection(SolutionConfigurationPlatforms) = preSolution
		Debug|Any CPU = Debug|Any CPU
		Release|Any CPU = Release|Any CPU
	EndGlobalSection
	GlobalSection(ProjectConfigurationPlatforms) = postSolution
		{FBED9E93-AD90-4994-B958-1A1D35BF2CFD}.Debug|Any CPU.ActiveCfg = Debug|Any CPU
		{FBED9E93-AD90-4994-B958-1A1D35BF2CFD}.Debug|Any CPU.Build.0 = Debug|Any CPU
		{FBED9E93-AD90-4994-B958-1A1D35BF2CFD}.Release|Any CPU.ActiveCfg = Release|Any CPU
		{FBED9E93-AD90-4994-B958-1A1D35BF2CFD}.Release|Any CPU.Build.0 = Release|Any CPU
		{232153B5-9B97-4502-805D-D5EE1FE20B8D}.Debug|Any CPU.ActiveCfg = Debug|Any CPU
		{232153B5-9B97-4502-805D-D5EE1FE20B8D}.Debug|Any CPU.Build.0 = Debug|Any CPU
		{232153B5-9B97-4502-805D-D5EE1FE20B8D}.Release|Any CPU.ActiveCfg = Release|Any CPU
		{232153B5-9B97-4502-805D-D5EE1FE20B8D}.Release|Any CPU.Build.0 = Release|Any CPU
		{4D48CC64-7270-40BB-A6A0-1349E7329DC1}.Debug|Any CPU.ActiveCfg = Debug|Any CPU
		{4D48CC64-7270-40BB-A6A0-1349E7329DC1}.Debug|Any CPU.Build.0 = Debug|Any CPU
		{4D48CC64-7270-40BB-A6A0-1349E7329DC1}.Release|Any CPU.ActiveCfg = Release|Any CPU
		{4D48CC64-7270-40BB-A6A0-1349E7329DC1}.Release|Any CPU.Build.0 = Release|Any CPU
		{1F2D03AA-6F48-4E20-9BC4-8A655DCE6BF0}.Debug|Any CPU.ActiveCfg = Debug|Any CPU
		{1F2D03AA-6F48-4E20-9BC4-8A655DCE6BF0}.Debug|Any CPU.Build.0 = Debug|Any CPU
		{1F2D03AA-6F48-4E20-9BC4-8A655DCE6BF0}.Release|Any CPU.ActiveCfg = Release|Any CPU
		{1F2D03AA-6F48-4E20-9BC4-8A655DCE6BF0}.Release|Any CPU.Build.0 = Release|Any CPU
		{30E317FF-A551-46E0-92E9-5217F1D28D23}.Debug|Any CPU.ActiveCfg = Debug|Any CPU
		{30E317FF-A551-46E0-92E9-5217F1D28D23}.Debug|Any CPU.Build.0 = Debug|Any CPU
		{30E317FF-A551-46E0-92E9-5217F1D28D23}.Release|Any CPU.ActiveCfg = Release|Any CPU
		{30E317FF-A551-46E0-92E9-5217F1D28D23}.Release|Any CPU.Build.0 = Release|Any CPU
		{8362DF60-9B8D-4891-ACF3-F6C7E1ED2CF1}.Debug|Any CPU.ActiveCfg = Debug|Any CPU
		{8362DF60-9B8D-4891-ACF3-F6C7E1ED2CF1}.Debug|Any CPU.Build.0 = Debug|Any CPU
		{8362DF60-9B8D-4891-ACF3-F6C7E1ED2CF1}.Release|Any CPU.ActiveCfg = Release|Any CPU
		{8362DF60-9B8D-4891-ACF3-F6C7E1ED2CF1}.Release|Any CPU.Build.0 = Release|Any CPU
		{70DE8198-5778-4AFA-920F-D9FBEC4EA86D}.Debug|Any CPU.ActiveCfg = Debug|Any CPU
		{70DE8198-5778-4AFA-920F-D9FBEC4EA86D}.Debug|Any CPU.Build.0 = Debug|Any CPU
		{70DE8198-5778-4AFA-920F-D9FBEC4EA86D}.Release|Any CPU.ActiveCfg = Release|Any CPU
		{70DE8198-5778-4AFA-920F-D9FBEC4EA86D}.Release|Any CPU.Build.0 = Release|Any CPU
		{2CFBC067-F6E8-406F-A780-DCD8E6DBC04C}.Debug|Any CPU.ActiveCfg = Debug|Any CPU
		{2CFBC067-F6E8-406F-A780-DCD8E6DBC04C}.Debug|Any CPU.Build.0 = Debug|Any CPU
		{2CFBC067-F6E8-406F-A780-DCD8E6DBC04C}.Release|Any CPU.ActiveCfg = Release|Any CPU
		{2CFBC067-F6E8-406F-A780-DCD8E6DBC04C}.Release|Any CPU.Build.0 = Release|Any CPU
		{CB60F32A-91DD-4368-BF30-8A4D07F68115}.Debug|Any CPU.ActiveCfg = Debug|Any CPU
		{CB60F32A-91DD-4368-BF30-8A4D07F68115}.Debug|Any CPU.Build.0 = Debug|Any CPU
		{CB60F32A-91DD-4368-BF30-8A4D07F68115}.Release|Any CPU.ActiveCfg = Release|Any CPU
		{CB60F32A-91DD-4368-BF30-8A4D07F68115}.Release|Any CPU.Build.0 = Release|Any CPU
		{23E9AFBD-72B4-41A5-B3BA-E75008D3119A}.Debug|Any CPU.ActiveCfg = Debug|Any CPU
		{23E9AFBD-72B4-41A5-B3BA-E75008D3119A}.Debug|Any CPU.Build.0 = Debug|Any CPU
		{23E9AFBD-72B4-41A5-B3BA-E75008D3119A}.Release|Any CPU.ActiveCfg = Release|Any CPU
		{23E9AFBD-72B4-41A5-B3BA-E75008D3119A}.Release|Any CPU.Build.0 = Release|Any CPU
		{99C133F4-2BC2-4BA4-9B95-48F6AB288834}.Debug|Any CPU.ActiveCfg = Debug|Any CPU
		{99C133F4-2BC2-4BA4-9B95-48F6AB288834}.Debug|Any CPU.Build.0 = Debug|Any CPU
		{99C133F4-2BC2-4BA4-9B95-48F6AB288834}.Release|Any CPU.ActiveCfg = Release|Any CPU
		{99C133F4-2BC2-4BA4-9B95-48F6AB288834}.Release|Any CPU.Build.0 = Release|Any CPU
		{E4EC4A3E-3001-4305-91F8-311FB59A7697}.Debug|Any CPU.ActiveCfg = Debug|Any CPU
		{E4EC4A3E-3001-4305-91F8-311FB59A7697}.Debug|Any CPU.Build.0 = Debug|Any CPU
		{E4EC4A3E-3001-4305-91F8-311FB59A7697}.Release|Any CPU.ActiveCfg = Release|Any CPU
		{E4EC4A3E-3001-4305-91F8-311FB59A7697}.Release|Any CPU.Build.0 = Release|Any CPU
		{AA175516-4A7F-48D1-9898-FF89BBEC5630}.Debug|Any CPU.ActiveCfg = Debug|Any CPU
		{AA175516-4A7F-48D1-9898-FF89BBEC5630}.Debug|Any CPU.Build.0 = Debug|Any CPU
		{AA175516-4A7F-48D1-9898-FF89BBEC5630}.Release|Any CPU.ActiveCfg = Release|Any CPU
		{AA175516-4A7F-48D1-9898-FF89BBEC5630}.Release|Any CPU.Build.0 = Release|Any CPU
		{FB969EE1-6D57-4D1A-BB77-515DDD2AB9AE}.Debug|Any CPU.ActiveCfg = Debug|Any CPU
		{FB969EE1-6D57-4D1A-BB77-515DDD2AB9AE}.Debug|Any CPU.Build.0 = Debug|Any CPU
		{FB969EE1-6D57-4D1A-BB77-515DDD2AB9AE}.Release|Any CPU.ActiveCfg = Release|Any CPU
		{FB969EE1-6D57-4D1A-BB77-515DDD2AB9AE}.Release|Any CPU.Build.0 = Release|Any CPU
		{90DFB7C0-2A51-4E18-AE09-C961F7B3DF00}.Debug|Any CPU.ActiveCfg = Debug|Any CPU
		{90DFB7C0-2A51-4E18-AE09-C961F7B3DF00}.Debug|Any CPU.Build.0 = Debug|Any CPU
		{90DFB7C0-2A51-4E18-AE09-C961F7B3DF00}.Release|Any CPU.ActiveCfg = Release|Any CPU
		{90DFB7C0-2A51-4E18-AE09-C961F7B3DF00}.Release|Any CPU.Build.0 = Release|Any CPU
		{8391EC6B-E46B-4C66-8317-A06305AA983A}.Debug|Any CPU.ActiveCfg = Debug|Any CPU
		{8391EC6B-E46B-4C66-8317-A06305AA983A}.Debug|Any CPU.Build.0 = Debug|Any CPU
		{8391EC6B-E46B-4C66-8317-A06305AA983A}.Release|Any CPU.ActiveCfg = Release|Any CPU
		{8391EC6B-E46B-4C66-8317-A06305AA983A}.Release|Any CPU.Build.0 = Release|Any CPU
		{9B08A41A-434E-4630-9216-860A026A7170}.Debug|Any CPU.ActiveCfg = Debug|Any CPU
		{9B08A41A-434E-4630-9216-860A026A7170}.Debug|Any CPU.Build.0 = Debug|Any CPU
		{9B08A41A-434E-4630-9216-860A026A7170}.Release|Any CPU.ActiveCfg = Release|Any CPU
		{9B08A41A-434E-4630-9216-860A026A7170}.Release|Any CPU.Build.0 = Release|Any CPU
		{4ED939FA-2F32-4E20-A31F-998D2B740A7A}.Debug|Any CPU.ActiveCfg = Debug|Any CPU
		{4ED939FA-2F32-4E20-A31F-998D2B740A7A}.Debug|Any CPU.Build.0 = Debug|Any CPU
		{4ED939FA-2F32-4E20-A31F-998D2B740A7A}.Release|Any CPU.ActiveCfg = Release|Any CPU
		{4ED939FA-2F32-4E20-A31F-998D2B740A7A}.Release|Any CPU.Build.0 = Release|Any CPU
		{5EA3A769-D6B7-4F6E-8DD5-E4BD9EC0F27C}.Debug|Any CPU.ActiveCfg = Debug|Any CPU
		{5EA3A769-D6B7-4F6E-8DD5-E4BD9EC0F27C}.Debug|Any CPU.Build.0 = Debug|Any CPU
		{5EA3A769-D6B7-4F6E-8DD5-E4BD9EC0F27C}.Release|Any CPU.ActiveCfg = Release|Any CPU
		{5EA3A769-D6B7-4F6E-8DD5-E4BD9EC0F27C}.Release|Any CPU.Build.0 = Release|Any CPU
		{102513A2-BF3D-4514-B870-2EBD534D79EC}.Debug|Any CPU.ActiveCfg = Debug|Any CPU
		{102513A2-BF3D-4514-B870-2EBD534D79EC}.Debug|Any CPU.Build.0 = Debug|Any CPU
		{102513A2-BF3D-4514-B870-2EBD534D79EC}.Release|Any CPU.ActiveCfg = Release|Any CPU
		{102513A2-BF3D-4514-B870-2EBD534D79EC}.Release|Any CPU.Build.0 = Release|Any CPU
		{744FF99E-30F2-4C9E-AFE5-3B5B0983C67D}.Debug|Any CPU.ActiveCfg = Debug|Any CPU
		{744FF99E-30F2-4C9E-AFE5-3B5B0983C67D}.Debug|Any CPU.Build.0 = Debug|Any CPU
		{744FF99E-30F2-4C9E-AFE5-3B5B0983C67D}.Release|Any CPU.ActiveCfg = Release|Any CPU
		{744FF99E-30F2-4C9E-AFE5-3B5B0983C67D}.Release|Any CPU.Build.0 = Release|Any CPU
		{0D9A4AED-EE81-448D-8EA1-0393FCCA971D}.Debug|Any CPU.ActiveCfg = Debug|Any CPU
		{0D9A4AED-EE81-448D-8EA1-0393FCCA971D}.Debug|Any CPU.Build.0 = Debug|Any CPU
		{0D9A4AED-EE81-448D-8EA1-0393FCCA971D}.Release|Any CPU.ActiveCfg = Release|Any CPU
		{0D9A4AED-EE81-448D-8EA1-0393FCCA971D}.Release|Any CPU.Build.0 = Release|Any CPU
		{B272EF1D-E4DA-4181-85F0-922BCFEF3B44}.Debug|Any CPU.ActiveCfg = Debug|Any CPU
		{B272EF1D-E4DA-4181-85F0-922BCFEF3B44}.Debug|Any CPU.Build.0 = Debug|Any CPU
		{B272EF1D-E4DA-4181-85F0-922BCFEF3B44}.Release|Any CPU.ActiveCfg = Release|Any CPU
		{B272EF1D-E4DA-4181-85F0-922BCFEF3B44}.Release|Any CPU.Build.0 = Release|Any CPU
		{005A7D1F-7CA1-4C87-AD3D-E3A427122480}.Debug|Any CPU.ActiveCfg = Debug|Any CPU
		{005A7D1F-7CA1-4C87-AD3D-E3A427122480}.Debug|Any CPU.Build.0 = Debug|Any CPU
		{005A7D1F-7CA1-4C87-AD3D-E3A427122480}.Release|Any CPU.ActiveCfg = Release|Any CPU
		{005A7D1F-7CA1-4C87-AD3D-E3A427122480}.Release|Any CPU.Build.0 = Release|Any CPU
		{8C992C3B-3CF8-4052-ACAC-70CDD807F277}.Debug|Any CPU.ActiveCfg = Debug|Any CPU
		{8C992C3B-3CF8-4052-ACAC-70CDD807F277}.Debug|Any CPU.Build.0 = Debug|Any CPU
		{8C992C3B-3CF8-4052-ACAC-70CDD807F277}.Release|Any CPU.ActiveCfg = Release|Any CPU
		{8C992C3B-3CF8-4052-ACAC-70CDD807F277}.Release|Any CPU.Build.0 = Release|Any CPU
		{1DB7348A-6B3C-4050-BE53-686485F8DB9C}.Debug|Any CPU.ActiveCfg = Debug|Any CPU
		{1DB7348A-6B3C-4050-BE53-686485F8DB9C}.Debug|Any CPU.Build.0 = Debug|Any CPU
		{1DB7348A-6B3C-4050-BE53-686485F8DB9C}.Release|Any CPU.ActiveCfg = Release|Any CPU
		{1DB7348A-6B3C-4050-BE53-686485F8DB9C}.Release|Any CPU.Build.0 = Release|Any CPU
		{3D9302C6-FAC3-4E3B-BFAC-BC99D8BC68B6}.Debug|Any CPU.ActiveCfg = Debug|Any CPU
		{3D9302C6-FAC3-4E3B-BFAC-BC99D8BC68B6}.Debug|Any CPU.Build.0 = Debug|Any CPU
		{3D9302C6-FAC3-4E3B-BFAC-BC99D8BC68B6}.Release|Any CPU.ActiveCfg = Release|Any CPU
		{3D9302C6-FAC3-4E3B-BFAC-BC99D8BC68B6}.Release|Any CPU.Build.0 = Release|Any CPU
		{F01BBBE5-CC85-4EDA-BFC5-E29B9A46F414}.Debug|Any CPU.ActiveCfg = Debug|Any CPU
		{F01BBBE5-CC85-4EDA-BFC5-E29B9A46F414}.Debug|Any CPU.Build.0 = Debug|Any CPU
		{F01BBBE5-CC85-4EDA-BFC5-E29B9A46F414}.Release|Any CPU.ActiveCfg = Release|Any CPU
		{F01BBBE5-CC85-4EDA-BFC5-E29B9A46F414}.Release|Any CPU.Build.0 = Release|Any CPU
		{1D94D20B-D51E-4179-9515-31E7AF31F208}.Debug|Any CPU.ActiveCfg = Debug|Any CPU
		{1D94D20B-D51E-4179-9515-31E7AF31F208}.Debug|Any CPU.Build.0 = Debug|Any CPU
		{1D94D20B-D51E-4179-9515-31E7AF31F208}.Release|Any CPU.ActiveCfg = Release|Any CPU
		{1D94D20B-D51E-4179-9515-31E7AF31F208}.Release|Any CPU.Build.0 = Release|Any CPU
	EndGlobalSection
	GlobalSection(SolutionProperties) = preSolution
		HideSolutionNode = FALSE
	EndGlobalSection
	GlobalSection(ExtensibilityGlobals) = postSolution
		SolutionGuid = {29754A5C-F8AE-437E-B08D-20E076A059D1}
	EndGlobalSection
EndGlobal
